// !$*UTF8*$!
{
	archiveVersion = 1;
	classes = {
	};
	objectVersion = 51;
	objects = {

/* Begin PBXBuildFile section */
		45802CDC5D71051D0316200D /* libPods-VkRemoverIOSUITests.a in Frameworks */ = {isa = PBXBuildFile; fileRef = C8718D1D33C2203C264F0BAF /* libPods-VkRemoverIOSUITests.a */; };
		5A0AE05D24152801001D1CB7 /* BGTaskPerformer.swift in Sources */ = {isa = PBXBuildFile; fileRef = 5A0AE05C24152801001D1CB7 /* BGTaskPerformer.swift */; };
		5A20A3B92460A5760012807A /* MainViewController.swift in Sources */ = {isa = PBXBuildFile; fileRef = 5A20A3B82460A5760012807A /* MainViewController.swift */; };
		5A24710324635DB800B10827 /* ButtonCell.swift in Sources */ = {isa = PBXBuildFile; fileRef = 5A24710224635DB800B10827 /* ButtonCell.swift */; };
		5A3D1AC624545DC70018AA0C /* SchedulerState.swift in Sources */ = {isa = PBXBuildFile; fileRef = 5A3D1AC524545DC70018AA0C /* SchedulerState.swift */; };
		5A3D1AC9245460FD0018AA0C /* RequestEntry.swift in Sources */ = {isa = PBXBuildFile; fileRef = 5A3D1AC8245460FD0018AA0C /* RequestEntry.swift */; };
		5A3D1ACA245462CA0018AA0C /* SchedulerState.swift in Sources */ = {isa = PBXBuildFile; fileRef = 5A3D1AC524545DC70018AA0C /* SchedulerState.swift */; };
		5A3D1ACB245462CE0018AA0C /* RequestEntry.swift in Sources */ = {isa = PBXBuildFile; fileRef = 5A3D1AC8245460FD0018AA0C /* RequestEntry.swift */; };
		5A3D1ACD245462F60018AA0C /* RequestsTableDataSourceUtils.swift in Sources */ = {isa = PBXBuildFile; fileRef = 5A3D1ACC245462F60018AA0C /* RequestsTableDataSourceUtils.swift */; };
		5A3D1ACE245462FF0018AA0C /* RequestsTableDataSourceUtils.swift in Sources */ = {isa = PBXBuildFile; fileRef = 5A3D1ACC245462F60018AA0C /* RequestsTableDataSourceUtils.swift */; };
		5A3D1AD124546AFC0018AA0C /* BGTaskPerformerUtils.swift in Sources */ = {isa = PBXBuildFile; fileRef = 5A3D1AD024546AFC0018AA0C /* BGTaskPerformerUtils.swift */; };
		5A3D1AD224546B610018AA0C /* BGTaskPerformerUtils.swift in Sources */ = {isa = PBXBuildFile; fileRef = 5A3D1AD024546AFC0018AA0C /* BGTaskPerformerUtils.swift */; };
		5A3D1AD424546BDE0018AA0C /* BGTaskPerformerConstants.swift in Sources */ = {isa = PBXBuildFile; fileRef = 5A3D1AD324546BDE0018AA0C /* BGTaskPerformerConstants.swift */; };
		5A3D1AD624546C150018AA0C /* RequestSchedulerConstants.swift in Sources */ = {isa = PBXBuildFile; fileRef = 5A3D1AD524546C150018AA0C /* RequestSchedulerConstants.swift */; };
		5A3D1AD724546C290018AA0C /* RequestSchedulerConstants.swift in Sources */ = {isa = PBXBuildFile; fileRef = 5A3D1AD524546C150018AA0C /* RequestSchedulerConstants.swift */; };
		5A3D1AD824546C420018AA0C /* BGTaskPerformerConstants.swift in Sources */ = {isa = PBXBuildFile; fileRef = 5A3D1AD324546BDE0018AA0C /* BGTaskPerformerConstants.swift */; };
		5A3D1ADA2454856E0018AA0C /* HelloScreenViewController.swift in Sources */ = {isa = PBXBuildFile; fileRef = 5A3D1AD92454856E0018AA0C /* HelloScreenViewController.swift */; };
		5A3FCF972365A72700203C0E /* AppDelegate.swift in Sources */ = {isa = PBXBuildFile; fileRef = 5A3FCF962365A72700203C0E /* AppDelegate.swift */; };
		5A3FCF992365A72700203C0E /* SceneDelegate.swift in Sources */ = {isa = PBXBuildFile; fileRef = 5A3FCF982365A72700203C0E /* SceneDelegate.swift */; };
		5A3FCF9B2365A72700203C0E /* RequestsViewController.swift in Sources */ = {isa = PBXBuildFile; fileRef = 5A3FCF9A2365A72700203C0E /* RequestsViewController.swift */; };
		5A3FCF9E2365A72700203C0E /* Main.storyboard in Resources */ = {isa = PBXBuildFile; fileRef = 5A3FCF9C2365A72700203C0E /* Main.storyboard */; };
		5A3FCFA02365A72A00203C0E /* Assets.xcassets in Resources */ = {isa = PBXBuildFile; fileRef = 5A3FCF9F2365A72A00203C0E /* Assets.xcassets */; };
		5A3FCFA32365A72A00203C0E /* LaunchScreen.storyboard in Resources */ = {isa = PBXBuildFile; fileRef = 5A3FCFA12365A72A00203C0E /* LaunchScreen.storyboard */; };
		5A3FCFAE2365A72A00203C0E /* VkRemoverIOSTests.swift in Sources */ = {isa = PBXBuildFile; fileRef = 5A3FCFAD2365A72A00203C0E /* VkRemoverIOSTests.swift */; };
		5A3FCFB92365A72A00203C0E /* VkRemoverIOSUITests.swift in Sources */ = {isa = PBXBuildFile; fileRef = 5A3FCFB82365A72A00203C0E /* VkRemoverIOSUITests.swift */; };
		5A4248E32365B9CE00223AB0 /* Empty.swift in Sources */ = {isa = PBXBuildFile; fileRef = 5A4248E22365B9CE00223AB0 /* Empty.swift */; };
		5A4248E62365C2CA00223AB0 /* Empty.m in Sources */ = {isa = PBXBuildFile; fileRef = 5A4248E52365C2CA00223AB0 /* Empty.m */; };
		5A4248E8236D964A00223AB0 /* RequestsTableDataSource.swift in Sources */ = {isa = PBXBuildFile; fileRef = 5A4248E7236D964A00223AB0 /* RequestsTableDataSource.swift */; };
		5A4248EA236DC7A200223AB0 /* RequestTableCell.swift in Sources */ = {isa = PBXBuildFile; fileRef = 5A4248E9236DC7A000223AB0 /* RequestTableCell.swift */; };
		5A4248EC236EDB3400223AB0 /* InitialTabsViewController.swift in Sources */ = {isa = PBXBuildFile; fileRef = 5A4248EB236EDB3300223AB0 /* InitialTabsViewController.swift */; };
		5A740D3A245244C60012C8AE /* BGTaskPerformerTests.swift in Sources */ = {isa = PBXBuildFile; fileRef = 5A740D39245244C60012C8AE /* BGTaskPerformerTests.swift */; };
		5A8EE69523CA0705006EE05B /* BasicListViewController.swift in Sources */ = {isa = PBXBuildFile; fileRef = 5A8EE69423CA0704006EE05B /* BasicListViewController.swift */; };
		5A91895323E6EBB0005FB5CB /* ScaleFactor.swift in Sources */ = {isa = PBXBuildFile; fileRef = 5A91895223E6EBAE005FB5CB /* ScaleFactor.swift */; };
		5A91895523E71618005FB5CB /* ImageTransformer.swift in Sources */ = {isa = PBXBuildFile; fileRef = 5A91895423E71618005FB5CB /* ImageTransformer.swift */; };
		5A9F0EE9245E07010042DDB8 /* DetailPageViewController.swift in Sources */ = {isa = PBXBuildFile; fileRef = 5A9F0EE8245E07010042DDB8 /* DetailPageViewController.swift */; };
		5AB198B323BF835000542E62 /* Storage.swift in Sources */ = {isa = PBXBuildFile; fileRef = 5AB198B223BF835000542E62 /* Storage.swift */; };
		5AB198B523C0997A00542E62 /* UnBanScheduler.swift in Sources */ = {isa = PBXBuildFile; fileRef = 5AB198B423C0997A00542E62 /* UnBanScheduler.swift */; };
		5AD9378423D33AD5007879B0 /* BannedViewController.swift in Sources */ = {isa = PBXBuildFile; fileRef = 5AD9378323D33AD5007879B0 /* BannedViewController.swift */; };
		5AF5314723B4C73A008D01E4 /* SubscribersViewController.swift in Sources */ = {isa = PBXBuildFile; fileRef = 5AF5314623B4C73A008D01E4 /* SubscribersViewController.swift */; };
		5AF5314923B4F9C8008D01E4 /* RemovablesViewController.swift in Sources */ = {isa = PBXBuildFile; fileRef = 5AF5314823B4F9C8008D01E4 /* RemovablesViewController.swift */; };
		5AF5314B23B754A9008D01E4 /* HelloViewController.swift in Sources */ = {isa = PBXBuildFile; fileRef = 5AF5314A23B754A9008D01E4 /* HelloViewController.swift */; };
		5AF5314D23B76302008D01E4 /* RequestScheduler.swift in Sources */ = {isa = PBXBuildFile; fileRef = 5AF5314C23B76301008D01E4 /* RequestScheduler.swift */; };
		5B8BEBF00AC6087CA4C5DE9E /* libPods-VkRemoverIOS.a in Frameworks */ = {isa = PBXBuildFile; fileRef = 9FD42DFB4CBD2E91AA55C271 /* libPods-VkRemoverIOS.a */; };
		A4419D1530357E55B6038027 /* libPods-VkRemoverIOSTests.a in Frameworks */ = {isa = PBXBuildFile; fileRef = ACEDA62B6A4CF67B4C4136C5 /* libPods-VkRemoverIOSTests.a */; };
/* End PBXBuildFile section */

/* Begin PBXContainerItemProxy section */
		5A3FCFAA2365A72A00203C0E /* PBXContainerItemProxy */ = {
			isa = PBXContainerItemProxy;
			containerPortal = 5A3FCF8B2365A72700203C0E /* Project object */;
			proxyType = 1;
			remoteGlobalIDString = 5A3FCF922365A72700203C0E;
			remoteInfo = VkRemoverIOS;
		};
		5A3FCFB52365A72A00203C0E /* PBXContainerItemProxy */ = {
			isa = PBXContainerItemProxy;
			containerPortal = 5A3FCF8B2365A72700203C0E /* Project object */;
			proxyType = 1;
			remoteGlobalIDString = 5A3FCF922365A72700203C0E;
			remoteInfo = VkRemoverIOS;
		};
/* End PBXContainerItemProxy section */

/* Begin PBXFileReference section */
		1031D97B093BCFD183E19D6D /* Pods-VkRemoverIOS.debug.xcconfig */ = {isa = PBXFileReference; includeInIndex = 1; lastKnownFileType = text.xcconfig; name = "Pods-VkRemoverIOS.debug.xcconfig"; path = "Target Support Files/Pods-VkRemoverIOS/Pods-VkRemoverIOS.debug.xcconfig"; sourceTree = "<group>"; };
		497F433992A0D829E1AE14B6 /* Pods-VkRemoverIOSTests.debug.xcconfig */ = {isa = PBXFileReference; includeInIndex = 1; lastKnownFileType = text.xcconfig; name = "Pods-VkRemoverIOSTests.debug.xcconfig"; path = "Target Support Files/Pods-VkRemoverIOSTests/Pods-VkRemoverIOSTests.debug.xcconfig"; sourceTree = "<group>"; };
		5A0AE05C24152801001D1CB7 /* BGTaskPerformer.swift */ = {isa = PBXFileReference; lastKnownFileType = sourcecode.swift; path = BGTaskPerformer.swift; sourceTree = "<group>"; };
		5A20A3B82460A5760012807A /* MainViewController.swift */ = {isa = PBXFileReference; lastKnownFileType = sourcecode.swift; path = MainViewController.swift; sourceTree = "<group>"; };
		5A24710224635DB800B10827 /* ButtonCell.swift */ = {isa = PBXFileReference; lastKnownFileType = sourcecode.swift; path = ButtonCell.swift; sourceTree = "<group>"; };
		5A3D1ABE245451B60018AA0C /* VkRemoverIOS-Bridging-Header.h */ = {isa = PBXFileReference; lastKnownFileType = sourcecode.c.h; path = "VkRemoverIOS-Bridging-Header.h"; sourceTree = "<group>"; };
		5A3D1AC524545DC70018AA0C /* SchedulerState.swift */ = {isa = PBXFileReference; lastKnownFileType = sourcecode.swift; path = SchedulerState.swift; sourceTree = "<group>"; };
		5A3D1AC8245460FD0018AA0C /* RequestEntry.swift */ = {isa = PBXFileReference; lastKnownFileType = sourcecode.swift; path = RequestEntry.swift; sourceTree = "<group>"; };
		5A3D1ACC245462F60018AA0C /* RequestsTableDataSourceUtils.swift */ = {isa = PBXFileReference; lastKnownFileType = sourcecode.swift; path = RequestsTableDataSourceUtils.swift; sourceTree = "<group>"; };
		5A3D1AD024546AFC0018AA0C /* BGTaskPerformerUtils.swift */ = {isa = PBXFileReference; lastKnownFileType = sourcecode.swift; path = BGTaskPerformerUtils.swift; sourceTree = "<group>"; };
		5A3D1AD324546BDE0018AA0C /* BGTaskPerformerConstants.swift */ = {isa = PBXFileReference; lastKnownFileType = sourcecode.swift; path = BGTaskPerformerConstants.swift; sourceTree = "<group>"; };
		5A3D1AD524546C150018AA0C /* RequestSchedulerConstants.swift */ = {isa = PBXFileReference; lastKnownFileType = sourcecode.swift; path = RequestSchedulerConstants.swift; sourceTree = "<group>"; };
		5A3D1AD92454856E0018AA0C /* HelloScreenViewController.swift */ = {isa = PBXFileReference; lastKnownFileType = sourcecode.swift; path = HelloScreenViewController.swift; sourceTree = "<group>"; };
		5A3FCF932365A72700203C0E /* VkRemoverIOS.app */ = {isa = PBXFileReference; explicitFileType = wrapper.application; includeInIndex = 0; path = VkRemoverIOS.app; sourceTree = BUILT_PRODUCTS_DIR; };
		5A3FCF962365A72700203C0E /* AppDelegate.swift */ = {isa = PBXFileReference; lastKnownFileType = sourcecode.swift; path = AppDelegate.swift; sourceTree = "<group>"; };
		5A3FCF982365A72700203C0E /* SceneDelegate.swift */ = {isa = PBXFileReference; lastKnownFileType = sourcecode.swift; path = SceneDelegate.swift; sourceTree = "<group>"; };
		5A3FCF9A2365A72700203C0E /* RequestsViewController.swift */ = {isa = PBXFileReference; lastKnownFileType = sourcecode.swift; path = RequestsViewController.swift; sourceTree = "<group>"; };
		5A3FCF9D2365A72700203C0E /* Base */ = {isa = PBXFileReference; lastKnownFileType = file.storyboard; name = Base; path = Base.lproj/Main.storyboard; sourceTree = "<group>"; };
		5A3FCF9F2365A72A00203C0E /* Assets.xcassets */ = {isa = PBXFileReference; lastKnownFileType = folder.assetcatalog; path = Assets.xcassets; sourceTree = "<group>"; };
		5A3FCFA22365A72A00203C0E /* Base */ = {isa = PBXFileReference; lastKnownFileType = file.storyboard; name = Base; path = Base.lproj/LaunchScreen.storyboard; sourceTree = "<group>"; };
		5A3FCFA42365A72A00203C0E /* Info.plist */ = {isa = PBXFileReference; lastKnownFileType = text.plist.xml; path = Info.plist; sourceTree = "<group>"; };
		5A3FCFA92365A72A00203C0E /* VkRemoverIOSTests.xctest */ = {isa = PBXFileReference; explicitFileType = wrapper.cfbundle; includeInIndex = 0; path = VkRemoverIOSTests.xctest; sourceTree = BUILT_PRODUCTS_DIR; };
		5A3FCFAD2365A72A00203C0E /* VkRemoverIOSTests.swift */ = {isa = PBXFileReference; lastKnownFileType = sourcecode.swift; path = VkRemoverIOSTests.swift; sourceTree = "<group>"; };
		5A3FCFAF2365A72A00203C0E /* Info.plist */ = {isa = PBXFileReference; lastKnownFileType = text.plist.xml; path = Info.plist; sourceTree = "<group>"; };
		5A3FCFB42365A72A00203C0E /* VkRemoverIOSUITests.xctest */ = {isa = PBXFileReference; explicitFileType = wrapper.cfbundle; includeInIndex = 0; path = VkRemoverIOSUITests.xctest; sourceTree = BUILT_PRODUCTS_DIR; };
		5A3FCFB82365A72A00203C0E /* VkRemoverIOSUITests.swift */ = {isa = PBXFileReference; lastKnownFileType = sourcecode.swift; path = VkRemoverIOSUITests.swift; sourceTree = "<group>"; };
		5A3FCFBA2365A72A00203C0E /* Info.plist */ = {isa = PBXFileReference; lastKnownFileType = text.plist.xml; path = Info.plist; sourceTree = "<group>"; };
		5A4248E22365B9CE00223AB0 /* Empty.swift */ = {isa = PBXFileReference; lastKnownFileType = sourcecode.swift; path = Empty.swift; sourceTree = "<group>"; };
		5A4248E42365C2CA00223AB0 /* VkRemoverIOS-Bridging-Header.h */ = {isa = PBXFileReference; lastKnownFileType = sourcecode.c.h; path = "VkRemoverIOS-Bridging-Header.h"; sourceTree = "<group>"; };
		5A4248E52365C2CA00223AB0 /* Empty.m */ = {isa = PBXFileReference; lastKnownFileType = sourcecode.c.objc; path = Empty.m; sourceTree = "<group>"; };
		5A4248E7236D964A00223AB0 /* RequestsTableDataSource.swift */ = {isa = PBXFileReference; lastKnownFileType = sourcecode.swift; path = RequestsTableDataSource.swift; sourceTree = "<group>"; };
		5A4248E9236DC7A000223AB0 /* RequestTableCell.swift */ = {isa = PBXFileReference; lastKnownFileType = sourcecode.swift; path = RequestTableCell.swift; sourceTree = "<group>"; };
		5A4248EB236EDB3300223AB0 /* InitialTabsViewController.swift */ = {isa = PBXFileReference; lastKnownFileType = sourcecode.swift; path = InitialTabsViewController.swift; sourceTree = "<group>"; };
		5A740D39245244C60012C8AE /* BGTaskPerformerTests.swift */ = {isa = PBXFileReference; lastKnownFileType = sourcecode.swift; path = BGTaskPerformerTests.swift; sourceTree = "<group>"; };
		5A8EE69423CA0704006EE05B /* BasicListViewController.swift */ = {isa = PBXFileReference; lastKnownFileType = sourcecode.swift; path = BasicListViewController.swift; sourceTree = "<group>"; };
		5A91895223E6EBAE005FB5CB /* ScaleFactor.swift */ = {isa = PBXFileReference; lastKnownFileType = sourcecode.swift; path = ScaleFactor.swift; sourceTree = "<group>"; };
		5A91895423E71618005FB5CB /* ImageTransformer.swift */ = {isa = PBXFileReference; lastKnownFileType = sourcecode.swift; path = ImageTransformer.swift; sourceTree = "<group>"; };
		5A9F0EE8245E07010042DDB8 /* DetailPageViewController.swift */ = {isa = PBXFileReference; lastKnownFileType = sourcecode.swift; path = DetailPageViewController.swift; sourceTree = "<group>"; };
		5AB198B223BF835000542E62 /* Storage.swift */ = {isa = PBXFileReference; lastKnownFileType = sourcecode.swift; path = Storage.swift; sourceTree = "<group>"; };
		5AB198B423C0997A00542E62 /* UnBanScheduler.swift */ = {isa = PBXFileReference; lastKnownFileType = sourcecode.swift; path = UnBanScheduler.swift; sourceTree = "<group>"; };
		5AD9378323D33AD5007879B0 /* BannedViewController.swift */ = {isa = PBXFileReference; lastKnownFileType = sourcecode.swift; path = BannedViewController.swift; sourceTree = "<group>"; };
		5AF5314623B4C73A008D01E4 /* SubscribersViewController.swift */ = {isa = PBXFileReference; lastKnownFileType = sourcecode.swift; path = SubscribersViewController.swift; sourceTree = "<group>"; };
		5AF5314823B4F9C8008D01E4 /* RemovablesViewController.swift */ = {isa = PBXFileReference; lastKnownFileType = sourcecode.swift; path = RemovablesViewController.swift; sourceTree = "<group>"; };
		5AF5314A23B754A9008D01E4 /* HelloViewController.swift */ = {isa = PBXFileReference; lastKnownFileType = sourcecode.swift; path = HelloViewController.swift; sourceTree = "<group>"; };
		5AF5314C23B76301008D01E4 /* RequestScheduler.swift */ = {isa = PBXFileReference; lastKnownFileType = sourcecode.swift; path = RequestScheduler.swift; sourceTree = "<group>"; };
		8C1D5BC28CEDFE66CF3537A2 /* Pods-VkRemoverIOS.release.xcconfig */ = {isa = PBXFileReference; includeInIndex = 1; lastKnownFileType = text.xcconfig; name = "Pods-VkRemoverIOS.release.xcconfig"; path = "Target Support Files/Pods-VkRemoverIOS/Pods-VkRemoverIOS.release.xcconfig"; sourceTree = "<group>"; };
		9FD42DFB4CBD2E91AA55C271 /* libPods-VkRemoverIOS.a */ = {isa = PBXFileReference; explicitFileType = archive.ar; includeInIndex = 0; path = "libPods-VkRemoverIOS.a"; sourceTree = BUILT_PRODUCTS_DIR; };
		ACEDA62B6A4CF67B4C4136C5 /* libPods-VkRemoverIOSTests.a */ = {isa = PBXFileReference; explicitFileType = archive.ar; includeInIndex = 0; path = "libPods-VkRemoverIOSTests.a"; sourceTree = BUILT_PRODUCTS_DIR; };
		C8718D1D33C2203C264F0BAF /* libPods-VkRemoverIOSUITests.a */ = {isa = PBXFileReference; explicitFileType = archive.ar; includeInIndex = 0; path = "libPods-VkRemoverIOSUITests.a"; sourceTree = BUILT_PRODUCTS_DIR; };
		F5E537C946ADB2FD859C7E56 /* Pods-VkRemoverIOSTests.release.xcconfig */ = {isa = PBXFileReference; includeInIndex = 1; lastKnownFileType = text.xcconfig; name = "Pods-VkRemoverIOSTests.release.xcconfig"; path = "Target Support Files/Pods-VkRemoverIOSTests/Pods-VkRemoverIOSTests.release.xcconfig"; sourceTree = "<group>"; };
		FAB595AAAC3695B08EE327C5 /* Pods-VkRemoverIOSUITests.debug.xcconfig */ = {isa = PBXFileReference; includeInIndex = 1; lastKnownFileType = text.xcconfig; name = "Pods-VkRemoverIOSUITests.debug.xcconfig"; path = "Target Support Files/Pods-VkRemoverIOSUITests/Pods-VkRemoverIOSUITests.debug.xcconfig"; sourceTree = "<group>"; };
		FD2C3E1102D589200093EF2E /* Pods-VkRemoverIOSUITests.release.xcconfig */ = {isa = PBXFileReference; includeInIndex = 1; lastKnownFileType = text.xcconfig; name = "Pods-VkRemoverIOSUITests.release.xcconfig"; path = "Target Support Files/Pods-VkRemoverIOSUITests/Pods-VkRemoverIOSUITests.release.xcconfig"; sourceTree = "<group>"; };
/* End PBXFileReference section */

/* Begin PBXFrameworksBuildPhase section */
		5A3FCF902365A72700203C0E /* Frameworks */ = {
			isa = PBXFrameworksBuildPhase;
			buildActionMask = 2147483647;
			files = (
				5B8BEBF00AC6087CA4C5DE9E /* libPods-VkRemoverIOS.a in Frameworks */,
			);
			runOnlyForDeploymentPostprocessing = 0;
		};
		5A3FCFA62365A72A00203C0E /* Frameworks */ = {
			isa = PBXFrameworksBuildPhase;
			buildActionMask = 2147483647;
			files = (
				A4419D1530357E55B6038027 /* libPods-VkRemoverIOSTests.a in Frameworks */,
			);
			runOnlyForDeploymentPostprocessing = 0;
		};
		5A3FCFB12365A72A00203C0E /* Frameworks */ = {
			isa = PBXFrameworksBuildPhase;
			buildActionMask = 2147483647;
			files = (
				45802CDC5D71051D0316200D /* libPods-VkRemoverIOSUITests.a in Frameworks */,
			);
			runOnlyForDeploymentPostprocessing = 0;
		};
/* End PBXFrameworksBuildPhase section */

/* Begin PBXGroup section */
		5A24710124635D6B00B10827 /* DetailPageViewController */ = {
			isa = PBXGroup;
			children = (
				5A9F0EE8245E07010042DDB8 /* DetailPageViewController.swift */,
				5A24710224635DB800B10827 /* ButtonCell.swift */,
			);
			path = DetailPageViewController;
			sourceTree = "<group>";
		};
		5A3D1AC424545D9C0018AA0C /* RequestScheduler */ = {
			isa = PBXGroup;
			children = (
				5AF5314C23B76301008D01E4 /* RequestScheduler.swift */,
				5A3D1AC524545DC70018AA0C /* SchedulerState.swift */,
				5A3D1AD524546C150018AA0C /* RequestSchedulerConstants.swift */,
				5AB198B423C0997A00542E62 /* UnBanScheduler.swift */,
			);
			path = RequestScheduler;
			sourceTree = "<group>";
		};
		5A3D1AC7245460C30018AA0C /* RequestsTableDataSource */ = {
			isa = PBXGroup;
			children = (
				5A4248E7236D964A00223AB0 /* RequestsTableDataSource.swift */,
				5A3D1AC8245460FD0018AA0C /* RequestEntry.swift */,
				5A3D1ACC245462F60018AA0C /* RequestsTableDataSourceUtils.swift */,
			);
			path = RequestsTableDataSource;
			sourceTree = "<group>";
		};
		5A3D1ACF24546AE90018AA0C /* BGTaskPerformer */ = {
			isa = PBXGroup;
			children = (
				5A0AE05C24152801001D1CB7 /* BGTaskPerformer.swift */,
				5A3D1AD024546AFC0018AA0C /* BGTaskPerformerUtils.swift */,
				5A3D1AD324546BDE0018AA0C /* BGTaskPerformerConstants.swift */,
			);
			path = BGTaskPerformer;
			sourceTree = "<group>";
		};
		5A3FCF8A2365A72700203C0E = {
			isa = PBXGroup;
			children = (
				5A4248E22365B9CE00223AB0 /* Empty.swift */,
				5A3FCF952365A72700203C0E /* VkRemoverIOS */,
				5A3FCFAC2365A72A00203C0E /* VkRemoverIOSTests */,
				5A3FCFB72365A72A00203C0E /* VkRemoverIOSUITests */,
				5A3FCF942365A72700203C0E /* Products */,
				CBD1EB3D06C825FA88CED67B /* Pods */,
				B051FDAF1D1C0974B3C2261B /* Frameworks */,
			);
			sourceTree = "<group>";
		};
		5A3FCF942365A72700203C0E /* Products */ = {
			isa = PBXGroup;
			children = (
				5A3FCF932365A72700203C0E /* VkRemoverIOS.app */,
				5A3FCFA92365A72A00203C0E /* VkRemoverIOSTests.xctest */,
				5A3FCFB42365A72A00203C0E /* VkRemoverIOSUITests.xctest */,
			);
			name = Products;
			sourceTree = "<group>";
		};
		5A3FCF952365A72700203C0E /* VkRemoverIOS */ = {
			isa = PBXGroup;
			children = (
				5A3FCF962365A72700203C0E /* AppDelegate.swift */,
				5A3FCF982365A72700203C0E /* SceneDelegate.swift */,
				5A3D1AC424545D9C0018AA0C /* RequestScheduler */,
				5A3D1ACF24546AE90018AA0C /* BGTaskPerformer */,
				5A3D1AC7245460C30018AA0C /* RequestsTableDataSource */,
				5A3D1AD92454856E0018AA0C /* HelloScreenViewController.swift */,
				5A20A3B82460A5760012807A /* MainViewController.swift */,
				5A24710124635D6B00B10827 /* DetailPageViewController */,
				5A8EE69423CA0704006EE05B /* BasicListViewController.swift */,
				5A3FCF9A2365A72700203C0E /* RequestsViewController.swift */,
				5AF5314623B4C73A008D01E4 /* SubscribersViewController.swift */,
				5AD9378323D33AD5007879B0 /* BannedViewController.swift */,
				5A91895423E71618005FB5CB /* ImageTransformer.swift */,
				5A4248E9236DC7A000223AB0 /* RequestTableCell.swift */,
				5A3FCF9C2365A72700203C0E /* Main.storyboard */,
				5A3FCF9F2365A72A00203C0E /* Assets.xcassets */,
				5A3FCFA12365A72A00203C0E /* LaunchScreen.storyboard */,
				5A3FCFA42365A72A00203C0E /* Info.plist */,
				5A4248E52365C2CA00223AB0 /* Empty.m */,
				5A4248E42365C2CA00223AB0 /* VkRemoverIOS-Bridging-Header.h */,
				5A4248EB236EDB3300223AB0 /* InitialTabsViewController.swift */,
				5AF5314823B4F9C8008D01E4 /* RemovablesViewController.swift */,
				5AF5314A23B754A9008D01E4 /* HelloViewController.swift */,
				5AB198B223BF835000542E62 /* Storage.swift */,
				5A91895223E6EBAE005FB5CB /* ScaleFactor.swift */,
			);
			path = VkRemoverIOS;
			sourceTree = "<group>";
		};
		5A3FCFAC2365A72A00203C0E /* VkRemoverIOSTests */ = {
			isa = PBXGroup;
			children = (
				5A3FCFAD2365A72A00203C0E /* VkRemoverIOSTests.swift */,
				5A740D39245244C60012C8AE /* BGTaskPerformerTests.swift */,
				5A3FCFAF2365A72A00203C0E /* Info.plist */,
				5A3D1ABE245451B60018AA0C /* VkRemoverIOS-Bridging-Header.h */,
			);
			path = VkRemoverIOSTests;
			sourceTree = "<group>";
		};
		5A3FCFB72365A72A00203C0E /* VkRemoverIOSUITests */ = {
			isa = PBXGroup;
			children = (
				5A3FCFB82365A72A00203C0E /* VkRemoverIOSUITests.swift */,
				5A3FCFBA2365A72A00203C0E /* Info.plist */,
			);
			path = VkRemoverIOSUITests;
			sourceTree = "<group>";
		};
		B051FDAF1D1C0974B3C2261B /* Frameworks */ = {
			isa = PBXGroup;
			children = (
				9FD42DFB4CBD2E91AA55C271 /* libPods-VkRemoverIOS.a */,
				ACEDA62B6A4CF67B4C4136C5 /* libPods-VkRemoverIOSTests.a */,
				C8718D1D33C2203C264F0BAF /* libPods-VkRemoverIOSUITests.a */,
			);
			name = Frameworks;
			sourceTree = "<group>";
		};
		CBD1EB3D06C825FA88CED67B /* Pods */ = {
			isa = PBXGroup;
			children = (
				1031D97B093BCFD183E19D6D /* Pods-VkRemoverIOS.debug.xcconfig */,
				8C1D5BC28CEDFE66CF3537A2 /* Pods-VkRemoverIOS.release.xcconfig */,
				497F433992A0D829E1AE14B6 /* Pods-VkRemoverIOSTests.debug.xcconfig */,
				F5E537C946ADB2FD859C7E56 /* Pods-VkRemoverIOSTests.release.xcconfig */,
				FAB595AAAC3695B08EE327C5 /* Pods-VkRemoverIOSUITests.debug.xcconfig */,
				FD2C3E1102D589200093EF2E /* Pods-VkRemoverIOSUITests.release.xcconfig */,
			);
			path = Pods;
			sourceTree = "<group>";
		};
/* End PBXGroup section */

/* Begin PBXNativeTarget section */
		5A3FCF922365A72700203C0E /* VkRemoverIOS */ = {
			isa = PBXNativeTarget;
			buildConfigurationList = 5A3FCFBD2365A72A00203C0E /* Build configuration list for PBXNativeTarget "VkRemoverIOS" */;
			buildPhases = (
				92FB736C34AE8FBEC415688F /* [CP] Check Pods Manifest.lock */,
				5A3FCF8F2365A72700203C0E /* Sources */,
				5A3FCF902365A72700203C0E /* Frameworks */,
				5A3FCF912365A72700203C0E /* Resources */,
				53045348495BA5FB820DC36E /* [CP] Copy Pods Resources */,
			);
			buildRules = (
			);
			dependencies = (
			);
			name = VkRemoverIOS;
			productName = VkRemoverIOS;
			productReference = 5A3FCF932365A72700203C0E /* VkRemoverIOS.app */;
			productType = "com.apple.product-type.application";
		};
		5A3FCFA82365A72A00203C0E /* VkRemoverIOSTests */ = {
			isa = PBXNativeTarget;
			buildConfigurationList = 5A3FCFC02365A72A00203C0E /* Build configuration list for PBXNativeTarget "VkRemoverIOSTests" */;
			buildPhases = (
				D892FC35F3B8E29BA1027C98 /* [CP] Check Pods Manifest.lock */,
				5A3FCFA52365A72A00203C0E /* Sources */,
				5A3FCFA62365A72A00203C0E /* Frameworks */,
				5A3FCFA72365A72A00203C0E /* Resources */,
				7B26E52B9DA240B5671CB4C2 /* [CP] Copy Pods Resources */,
			);
			buildRules = (
			);
			dependencies = (
				5A3FCFAB2365A72A00203C0E /* PBXTargetDependency */,
			);
			name = VkRemoverIOSTests;
			productName = VkRemoverIOSTests;
			productReference = 5A3FCFA92365A72A00203C0E /* VkRemoverIOSTests.xctest */;
			productType = "com.apple.product-type.bundle.unit-test";
		};
		5A3FCFB32365A72A00203C0E /* VkRemoverIOSUITests */ = {
			isa = PBXNativeTarget;
			buildConfigurationList = 5A3FCFC32365A72A00203C0E /* Build configuration list for PBXNativeTarget "VkRemoverIOSUITests" */;
			buildPhases = (
				44422F0B3BFB3D65E0D1D46F /* [CP] Check Pods Manifest.lock */,
				5A3FCFB02365A72A00203C0E /* Sources */,
				5A3FCFB12365A72A00203C0E /* Frameworks */,
				5A3FCFB22365A72A00203C0E /* Resources */,
				76E5E5819B5300F19CC8E449 /* [CP] Copy Pods Resources */,
			);
			buildRules = (
			);
			dependencies = (
				5A3FCFB62365A72A00203C0E /* PBXTargetDependency */,
			);
			name = VkRemoverIOSUITests;
			productName = VkRemoverIOSUITests;
			productReference = 5A3FCFB42365A72A00203C0E /* VkRemoverIOSUITests.xctest */;
			productType = "com.apple.product-type.bundle.ui-testing";
		};
/* End PBXNativeTarget section */

/* Begin PBXProject section */
		5A3FCF8B2365A72700203C0E /* Project object */ = {
			isa = PBXProject;
			attributes = {
				LastSwiftUpdateCheck = 1100;
				LastUpgradeCheck = 1100;
				ORGANIZATIONNAME = "Alex K";
				TargetAttributes = {
					5A3FCF922365A72700203C0E = {
						CreatedOnToolsVersion = 11.0;
						LastSwiftMigration = 1100;
					};
					5A3FCFA82365A72A00203C0E = {
						CreatedOnToolsVersion = 11.0;
						TestTargetID = 5A3FCF922365A72700203C0E;
					};
					5A3FCFB32365A72A00203C0E = {
						CreatedOnToolsVersion = 11.0;
						TestTargetID = 5A3FCF922365A72700203C0E;
					};
				};
			};
			buildConfigurationList = 5A3FCF8E2365A72700203C0E /* Build configuration list for PBXProject "VkRemoverIOS" */;
			compatibilityVersion = "Xcode 9.3";
			developmentRegion = en;
			hasScannedForEncodings = 0;
			knownRegions = (
				en,
				Base,
			);
			mainGroup = 5A3FCF8A2365A72700203C0E;
			productRefGroup = 5A3FCF942365A72700203C0E /* Products */;
			projectDirPath = "";
			projectRoot = "";
			targets = (
				5A3FCF922365A72700203C0E /* VkRemoverIOS */,
				5A3FCFA82365A72A00203C0E /* VkRemoverIOSTests */,
				5A3FCFB32365A72A00203C0E /* VkRemoverIOSUITests */,
			);
		};
/* End PBXProject section */

/* Begin PBXResourcesBuildPhase section */
		5A3FCF912365A72700203C0E /* Resources */ = {
			isa = PBXResourcesBuildPhase;
			buildActionMask = 2147483647;
			files = (
				5A3FCFA32365A72A00203C0E /* LaunchScreen.storyboard in Resources */,
				5A3FCFA02365A72A00203C0E /* Assets.xcassets in Resources */,
				5A3FCF9E2365A72700203C0E /* Main.storyboard in Resources */,
			);
			runOnlyForDeploymentPostprocessing = 0;
		};
		5A3FCFA72365A72A00203C0E /* Resources */ = {
			isa = PBXResourcesBuildPhase;
			buildActionMask = 2147483647;
			files = (
			);
			runOnlyForDeploymentPostprocessing = 0;
		};
		5A3FCFB22365A72A00203C0E /* Resources */ = {
			isa = PBXResourcesBuildPhase;
			buildActionMask = 2147483647;
			files = (
			);
			runOnlyForDeploymentPostprocessing = 0;
		};
/* End PBXResourcesBuildPhase section */

/* Begin PBXShellScriptBuildPhase section */
		44422F0B3BFB3D65E0D1D46F /* [CP] Check Pods Manifest.lock */ = {
			isa = PBXShellScriptBuildPhase;
			buildActionMask = 2147483647;
			files = (
			);
			inputFileListPaths = (
			);
			inputPaths = (
				"${PODS_PODFILE_DIR_PATH}/Podfile.lock",
				"${PODS_ROOT}/Manifest.lock",
			);
			name = "[CP] Check Pods Manifest.lock";
			outputFileListPaths = (
			);
			outputPaths = (
				"$(DERIVED_FILE_DIR)/Pods-VkRemoverIOSUITests-checkManifestLockResult.txt",
			);
			runOnlyForDeploymentPostprocessing = 0;
			shellPath = /bin/sh;
			shellScript = "diff \"${PODS_PODFILE_DIR_PATH}/Podfile.lock\" \"${PODS_ROOT}/Manifest.lock\" > /dev/null\nif [ $? != 0 ] ; then\n    # print error to STDERR\n    echo \"error: The sandbox is not in sync with the Podfile.lock. Run 'pod install' or update your CocoaPods installation.\" >&2\n    exit 1\nfi\n# This output is used by Xcode 'outputs' to avoid re-running this script phase.\necho \"SUCCESS\" > \"${SCRIPT_OUTPUT_FILE_0}\"\n";
			showEnvVarsInLog = 0;
		};
		53045348495BA5FB820DC36E /* [CP] Copy Pods Resources */ = {
			isa = PBXShellScriptBuildPhase;
			buildActionMask = 2147483647;
			files = (
			);
			inputFileListPaths = (
				"${PODS_ROOT}/Target Support Files/Pods-VkRemoverIOS/Pods-VkRemoverIOS-resources-${CONFIGURATION}-input-files.xcfilelist",
			);
			name = "[CP] Copy Pods Resources";
			outputFileListPaths = (
				"${PODS_ROOT}/Target Support Files/Pods-VkRemoverIOS/Pods-VkRemoverIOS-resources-${CONFIGURATION}-output-files.xcfilelist",
			);
			runOnlyForDeploymentPostprocessing = 0;
			shellPath = /bin/sh;
			shellScript = "\"${PODS_ROOT}/Target Support Files/Pods-VkRemoverIOS/Pods-VkRemoverIOS-resources.sh\"\n";
			showEnvVarsInLog = 0;
		};
		76E5E5819B5300F19CC8E449 /* [CP] Copy Pods Resources */ = {
			isa = PBXShellScriptBuildPhase;
			buildActionMask = 2147483647;
			files = (
			);
			inputFileListPaths = (
				"${PODS_ROOT}/Target Support Files/Pods-VkRemoverIOSUITests/Pods-VkRemoverIOSUITests-resources-${CONFIGURATION}-input-files.xcfilelist",
			);
			name = "[CP] Copy Pods Resources";
			outputFileListPaths = (
				"${PODS_ROOT}/Target Support Files/Pods-VkRemoverIOSUITests/Pods-VkRemoverIOSUITests-resources-${CONFIGURATION}-output-files.xcfilelist",
			);
			runOnlyForDeploymentPostprocessing = 0;
			shellPath = /bin/sh;
			shellScript = "\"${PODS_ROOT}/Target Support Files/Pods-VkRemoverIOSUITests/Pods-VkRemoverIOSUITests-resources.sh\"\n";
			showEnvVarsInLog = 0;
		};
		7B26E52B9DA240B5671CB4C2 /* [CP] Copy Pods Resources */ = {
			isa = PBXShellScriptBuildPhase;
			buildActionMask = 2147483647;
			files = (
			);
			inputFileListPaths = (
				"${PODS_ROOT}/Target Support Files/Pods-VkRemoverIOSTests/Pods-VkRemoverIOSTests-resources-${CONFIGURATION}-input-files.xcfilelist",
			);
			name = "[CP] Copy Pods Resources";
			outputFileListPaths = (
				"${PODS_ROOT}/Target Support Files/Pods-VkRemoverIOSTests/Pods-VkRemoverIOSTests-resources-${CONFIGURATION}-output-files.xcfilelist",
			);
			runOnlyForDeploymentPostprocessing = 0;
			shellPath = /bin/sh;
			shellScript = "\"${PODS_ROOT}/Target Support Files/Pods-VkRemoverIOSTests/Pods-VkRemoverIOSTests-resources.sh\"\n";
			showEnvVarsInLog = 0;
		};
		92FB736C34AE8FBEC415688F /* [CP] Check Pods Manifest.lock */ = {
			isa = PBXShellScriptBuildPhase;
			buildActionMask = 2147483647;
			files = (
			);
			inputFileListPaths = (
			);
			inputPaths = (
				"${PODS_PODFILE_DIR_PATH}/Podfile.lock",
				"${PODS_ROOT}/Manifest.lock",
			);
			name = "[CP] Check Pods Manifest.lock";
			outputFileListPaths = (
			);
			outputPaths = (
				"$(DERIVED_FILE_DIR)/Pods-VkRemoverIOS-checkManifestLockResult.txt",
			);
			runOnlyForDeploymentPostprocessing = 0;
			shellPath = /bin/sh;
			shellScript = "diff \"${PODS_PODFILE_DIR_PATH}/Podfile.lock\" \"${PODS_ROOT}/Manifest.lock\" > /dev/null\nif [ $? != 0 ] ; then\n    # print error to STDERR\n    echo \"error: The sandbox is not in sync with the Podfile.lock. Run 'pod install' or update your CocoaPods installation.\" >&2\n    exit 1\nfi\n# This output is used by Xcode 'outputs' to avoid re-running this script phase.\necho \"SUCCESS\" > \"${SCRIPT_OUTPUT_FILE_0}\"\n";
			showEnvVarsInLog = 0;
		};
		D892FC35F3B8E29BA1027C98 /* [CP] Check Pods Manifest.lock */ = {
			isa = PBXShellScriptBuildPhase;
			buildActionMask = 2147483647;
			files = (
			);
			inputFileListPaths = (
			);
			inputPaths = (
				"${PODS_PODFILE_DIR_PATH}/Podfile.lock",
				"${PODS_ROOT}/Manifest.lock",
			);
			name = "[CP] Check Pods Manifest.lock";
			outputFileListPaths = (
			);
			outputPaths = (
				"$(DERIVED_FILE_DIR)/Pods-VkRemoverIOSTests-checkManifestLockResult.txt",
			);
			runOnlyForDeploymentPostprocessing = 0;
			shellPath = /bin/sh;
			shellScript = "diff \"${PODS_PODFILE_DIR_PATH}/Podfile.lock\" \"${PODS_ROOT}/Manifest.lock\" > /dev/null\nif [ $? != 0 ] ; then\n    # print error to STDERR\n    echo \"error: The sandbox is not in sync with the Podfile.lock. Run 'pod install' or update your CocoaPods installation.\" >&2\n    exit 1\nfi\n# This output is used by Xcode 'outputs' to avoid re-running this script phase.\necho \"SUCCESS\" > \"${SCRIPT_OUTPUT_FILE_0}\"\n";
			showEnvVarsInLog = 0;
		};
/* End PBXShellScriptBuildPhase section */

/* Begin PBXSourcesBuildPhase section */
		5A3FCF8F2365A72700203C0E /* Sources */ = {
			isa = PBXSourcesBuildPhase;
			buildActionMask = 2147483647;
			files = (
				5A3D1AC9245460FD0018AA0C /* RequestEntry.swift in Sources */,
				5A3D1ACD245462F60018AA0C /* RequestsTableDataSourceUtils.swift in Sources */,
				5A3FCF9B2365A72700203C0E /* RequestsViewController.swift in Sources */,
				5A3D1AD624546C150018AA0C /* RequestSchedulerConstants.swift in Sources */,
				5AB198B523C0997A00542E62 /* UnBanScheduler.swift in Sources */,
				5A4248E8236D964A00223AB0 /* RequestsTableDataSource.swift in Sources */,
				5A9F0EE9245E07010042DDB8 /* DetailPageViewController.swift in Sources */,
				5A20A3B92460A5760012807A /* MainViewController.swift in Sources */,
				5A4248E62365C2CA00223AB0 /* Empty.m in Sources */,
				5A3D1ADA2454856E0018AA0C /* HelloScreenViewController.swift in Sources */,
				5A91895523E71618005FB5CB /* ImageTransformer.swift in Sources */,
				5A24710324635DB800B10827 /* ButtonCell.swift in Sources */,
				5A4248E32365B9CE00223AB0 /* Empty.swift in Sources */,
				5A91895323E6EBB0005FB5CB /* ScaleFactor.swift in Sources */,
				5A8EE69523CA0705006EE05B /* BasicListViewController.swift in Sources */,
				5A0AE05D24152801001D1CB7 /* BGTaskPerformer.swift in Sources */,
				5AF5314923B4F9C8008D01E4 /* RemovablesViewController.swift in Sources */,
				5A3FCF972365A72700203C0E /* AppDelegate.swift in Sources */,
				5AF5314723B4C73A008D01E4 /* SubscribersViewController.swift in Sources */,
				5A4248EC236EDB3400223AB0 /* InitialTabsViewController.swift in Sources */,
				5A3FCF992365A72700203C0E /* SceneDelegate.swift in Sources */,
				5AF5314D23B76302008D01E4 /* RequestScheduler.swift in Sources */,
				5A3D1AC624545DC70018AA0C /* SchedulerState.swift in Sources */,
				5AD9378423D33AD5007879B0 /* BannedViewController.swift in Sources */,
				5A3D1AD124546AFC0018AA0C /* BGTaskPerformerUtils.swift in Sources */,
				5A3D1AD424546BDE0018AA0C /* BGTaskPerformerConstants.swift in Sources */,
				5A4248EA236DC7A200223AB0 /* RequestTableCell.swift in Sources */,
				5AF5314B23B754A9008D01E4 /* HelloViewController.swift in Sources */,
				5AB198B323BF835000542E62 /* Storage.swift in Sources */,
			);
			runOnlyForDeploymentPostprocessing = 0;
		};
		5A3FCFA52365A72A00203C0E /* Sources */ = {
			isa = PBXSourcesBuildPhase;
			buildActionMask = 2147483647;
			files = (
				5A3D1ACE245462FF0018AA0C /* RequestsTableDataSourceUtils.swift in Sources */,
				5A3D1ACB245462CE0018AA0C /* RequestEntry.swift in Sources */,
				5A3D1ACA245462CA0018AA0C /* SchedulerState.swift in Sources */,
				5A3D1AD724546C290018AA0C /* RequestSchedulerConstants.swift in Sources */,
				5A3D1AD824546C420018AA0C /* BGTaskPerformerConstants.swift in Sources */,
				5A740D3A245244C60012C8AE /* BGTaskPerformerTests.swift in Sources */,
				5A3FCFAE2365A72A00203C0E /* VkRemoverIOSTests.swift in Sources */,
				5A3D1AD224546B610018AA0C /* BGTaskPerformerUtils.swift in Sources */,
			);
			runOnlyForDeploymentPostprocessing = 0;
		};
		5A3FCFB02365A72A00203C0E /* Sources */ = {
			isa = PBXSourcesBuildPhase;
			buildActionMask = 2147483647;
			files = (
				5A3FCFB92365A72A00203C0E /* VkRemoverIOSUITests.swift in Sources */,
			);
			runOnlyForDeploymentPostprocessing = 0;
		};
/* End PBXSourcesBuildPhase section */

/* Begin PBXTargetDependency section */
		5A3FCFAB2365A72A00203C0E /* PBXTargetDependency */ = {
			isa = PBXTargetDependency;
			target = 5A3FCF922365A72700203C0E /* VkRemoverIOS */;
			targetProxy = 5A3FCFAA2365A72A00203C0E /* PBXContainerItemProxy */;
		};
		5A3FCFB62365A72A00203C0E /* PBXTargetDependency */ = {
			isa = PBXTargetDependency;
			target = 5A3FCF922365A72700203C0E /* VkRemoverIOS */;
			targetProxy = 5A3FCFB52365A72A00203C0E /* PBXContainerItemProxy */;
		};
/* End PBXTargetDependency section */

/* Begin PBXVariantGroup section */
		5A3FCF9C2365A72700203C0E /* Main.storyboard */ = {
			isa = PBXVariantGroup;
			children = (
				5A3FCF9D2365A72700203C0E /* Base */,
			);
			name = Main.storyboard;
			sourceTree = "<group>";
		};
		5A3FCFA12365A72A00203C0E /* LaunchScreen.storyboard */ = {
			isa = PBXVariantGroup;
			children = (
				5A3FCFA22365A72A00203C0E /* Base */,
			);
			name = LaunchScreen.storyboard;
			sourceTree = "<group>";
		};
/* End PBXVariantGroup section */

/* Begin XCBuildConfiguration section */
		5A3FCFBB2365A72A00203C0E /* Debug */ = {
			isa = XCBuildConfiguration;
			buildSettings = {
				ALWAYS_SEARCH_USER_PATHS = NO;
				CLANG_ANALYZER_NONNULL = YES;
				CLANG_ANALYZER_NUMBER_OBJECT_CONVERSION = YES_AGGRESSIVE;
				CLANG_CXX_LANGUAGE_STANDARD = "gnu++14";
				CLANG_CXX_LIBRARY = "libc++";
				CLANG_ENABLE_MODULES = YES;
				CLANG_ENABLE_OBJC_ARC = YES;
				CLANG_ENABLE_OBJC_WEAK = YES;
				CLANG_WARN_BLOCK_CAPTURE_AUTORELEASING = YES;
				CLANG_WARN_BOOL_CONVERSION = YES;
				CLANG_WARN_COMMA = YES;
				CLANG_WARN_CONSTANT_CONVERSION = YES;
				CLANG_WARN_DEPRECATED_OBJC_IMPLEMENTATIONS = YES;
				CLANG_WARN_DIRECT_OBJC_ISA_USAGE = YES_ERROR;
				CLANG_WARN_DOCUMENTATION_COMMENTS = YES;
				CLANG_WARN_EMPTY_BODY = YES;
				CLANG_WARN_ENUM_CONVERSION = YES;
				CLANG_WARN_INFINITE_RECURSION = YES;
				CLANG_WARN_INT_CONVERSION = YES;
				CLANG_WARN_NON_LITERAL_NULL_CONVERSION = YES;
				CLANG_WARN_OBJC_IMPLICIT_RETAIN_SELF = YES;
				CLANG_WARN_OBJC_LITERAL_CONVERSION = YES;
				CLANG_WARN_OBJC_ROOT_CLASS = YES_ERROR;
				CLANG_WARN_RANGE_LOOP_ANALYSIS = YES;
				CLANG_WARN_STRICT_PROTOTYPES = YES;
				CLANG_WARN_SUSPICIOUS_MOVE = YES;
				CLANG_WARN_UNGUARDED_AVAILABILITY = YES_AGGRESSIVE;
				CLANG_WARN_UNREACHABLE_CODE = YES;
				CLANG_WARN__DUPLICATE_METHOD_MATCH = YES;
				COPY_PHASE_STRIP = NO;
				DEBUG_INFORMATION_FORMAT = dwarf;
				ENABLE_STRICT_OBJC_MSGSEND = YES;
				ENABLE_TESTABILITY = YES;
				GCC_C_LANGUAGE_STANDARD = gnu11;
				GCC_DYNAMIC_NO_PIC = NO;
				GCC_NO_COMMON_BLOCKS = YES;
				GCC_OPTIMIZATION_LEVEL = 0;
				GCC_PREPROCESSOR_DEFINITIONS = (
					"DEBUG=1",
					"$(inherited)",
				);
				GCC_WARN_64_TO_32_BIT_CONVERSION = YES;
				GCC_WARN_ABOUT_RETURN_TYPE = YES_ERROR;
				GCC_WARN_UNDECLARED_SELECTOR = YES;
				GCC_WARN_UNINITIALIZED_AUTOS = YES_AGGRESSIVE;
				GCC_WARN_UNUSED_FUNCTION = YES;
				GCC_WARN_UNUSED_VARIABLE = YES;
				IPHONEOS_DEPLOYMENT_TARGET = 9.0;
				MTL_ENABLE_DEBUG_INFO = INCLUDE_SOURCE;
				MTL_FAST_MATH = YES;
				ONLY_ACTIVE_ARCH = YES;
				SDKROOT = iphoneos;
				SWIFT_ACTIVE_COMPILATION_CONDITIONS = DEBUG;
				SWIFT_OBJC_BRIDGING_HEADER = "$(SRCROOT)/VkRemoverIOS/VkRemoverIOS-Bridging-Header.h";
				SWIFT_OPTIMIZATION_LEVEL = "-Onone";
			};
			name = Debug;
		};
		5A3FCFBC2365A72A00203C0E /* Release */ = {
			isa = XCBuildConfiguration;
			buildSettings = {
				ALWAYS_SEARCH_USER_PATHS = NO;
				CLANG_ANALYZER_NONNULL = YES;
				CLANG_ANALYZER_NUMBER_OBJECT_CONVERSION = YES_AGGRESSIVE;
				CLANG_CXX_LANGUAGE_STANDARD = "gnu++14";
				CLANG_CXX_LIBRARY = "libc++";
				CLANG_ENABLE_MODULES = YES;
				CLANG_ENABLE_OBJC_ARC = YES;
				CLANG_ENABLE_OBJC_WEAK = YES;
				CLANG_WARN_BLOCK_CAPTURE_AUTORELEASING = YES;
				CLANG_WARN_BOOL_CONVERSION = YES;
				CLANG_WARN_COMMA = YES;
				CLANG_WARN_CONSTANT_CONVERSION = YES;
				CLANG_WARN_DEPRECATED_OBJC_IMPLEMENTATIONS = YES;
				CLANG_WARN_DIRECT_OBJC_ISA_USAGE = YES_ERROR;
				CLANG_WARN_DOCUMENTATION_COMMENTS = YES;
				CLANG_WARN_EMPTY_BODY = YES;
				CLANG_WARN_ENUM_CONVERSION = YES;
				CLANG_WARN_INFINITE_RECURSION = YES;
				CLANG_WARN_INT_CONVERSION = YES;
				CLANG_WARN_NON_LITERAL_NULL_CONVERSION = YES;
				CLANG_WARN_OBJC_IMPLICIT_RETAIN_SELF = YES;
				CLANG_WARN_OBJC_LITERAL_CONVERSION = YES;
				CLANG_WARN_OBJC_ROOT_CLASS = YES_ERROR;
				CLANG_WARN_RANGE_LOOP_ANALYSIS = YES;
				CLANG_WARN_STRICT_PROTOTYPES = YES;
				CLANG_WARN_SUSPICIOUS_MOVE = YES;
				CLANG_WARN_UNGUARDED_AVAILABILITY = YES_AGGRESSIVE;
				CLANG_WARN_UNREACHABLE_CODE = YES;
				CLANG_WARN__DUPLICATE_METHOD_MATCH = YES;
				COPY_PHASE_STRIP = NO;
				DEBUG_INFORMATION_FORMAT = "dwarf-with-dsym";
				ENABLE_NS_ASSERTIONS = NO;
				ENABLE_STRICT_OBJC_MSGSEND = YES;
				GCC_C_LANGUAGE_STANDARD = gnu11;
				GCC_NO_COMMON_BLOCKS = YES;
				GCC_WARN_64_TO_32_BIT_CONVERSION = YES;
				GCC_WARN_ABOUT_RETURN_TYPE = YES_ERROR;
				GCC_WARN_UNDECLARED_SELECTOR = YES;
				GCC_WARN_UNINITIALIZED_AUTOS = YES_AGGRESSIVE;
				GCC_WARN_UNUSED_FUNCTION = YES;
				GCC_WARN_UNUSED_VARIABLE = YES;
				IPHONEOS_DEPLOYMENT_TARGET = 9.0;
				MTL_ENABLE_DEBUG_INFO = NO;
				MTL_FAST_MATH = YES;
				SDKROOT = iphoneos;
				SWIFT_COMPILATION_MODE = wholemodule;
				SWIFT_OBJC_BRIDGING_HEADER = "$(SRCROOT)/VkRemoverIOS/VkRemoverIOS-Bridging-Header.h";
				SWIFT_OPTIMIZATION_LEVEL = "-O";
				VALIDATE_PRODUCT = YES;
			};
			name = Release;
		};
		5A3FCFBE2365A72A00203C0E /* Debug */ = {
			isa = XCBuildConfiguration;
			baseConfigurationReference = 1031D97B093BCFD183E19D6D /* Pods-VkRemoverIOS.debug.xcconfig */;
			buildSettings = {
				ASSETCATALOG_COMPILER_APPICON_NAME = AppIcon;
				CLANG_ENABLE_MODULES = YES;
				CODE_SIGN_IDENTITY = "Apple Development";
				CODE_SIGN_STYLE = Automatic;
				DEVELOPMENT_TEAM = NWSTPFC433;
				INFOPLIST_FILE = VkRemoverIOS/Info.plist;
				IPHONEOS_DEPLOYMENT_TARGET = 9.0;
				LD_RUNPATH_SEARCH_PATHS = (
					"$(inherited)",
					"@executable_path/Frameworks",
				);
				PRODUCT_BUNDLE_IDENTIFIER = me.alexeykomov.VkRemoverIOS;
				PRODUCT_NAME = "$(TARGET_NAME)";
				PROVISIONING_PROFILE_SPECIFIER = "";
				SWIFT_OBJC_BRIDGING_HEADER = "VkRemoverIOS/VkRemoverIOS-Bridging-Header.h";
				SWIFT_OPTIMIZATION_LEVEL = "-Onone";
				SWIFT_VERSION = 5.0;
				TARGETED_DEVICE_FAMILY = "1,2";
			};
			name = Debug;
		};
		5A3FCFBF2365A72A00203C0E /* Release */ = {
			isa = XCBuildConfiguration;
			baseConfigurationReference = 8C1D5BC28CEDFE66CF3537A2 /* Pods-VkRemoverIOS.release.xcconfig */;
			buildSettings = {
				ASSETCATALOG_COMPILER_APPICON_NAME = AppIcon;
				CLANG_ENABLE_MODULES = YES;
				CODE_SIGN_IDENTITY = "Apple Development";
				CODE_SIGN_STYLE = Automatic;
				DEVELOPMENT_TEAM = NWSTPFC433;
				INFOPLIST_FILE = VkRemoverIOS/Info.plist;
				IPHONEOS_DEPLOYMENT_TARGET = 9.0;
				LD_RUNPATH_SEARCH_PATHS = (
					"$(inherited)",
					"@executable_path/Frameworks",
				);
				PRODUCT_BUNDLE_IDENTIFIER = me.alexeykomov.VkRemoverIOS;
				PRODUCT_NAME = "$(TARGET_NAME)";
				PROVISIONING_PROFILE_SPECIFIER = "";
				SWIFT_OBJC_BRIDGING_HEADER = "VkRemoverIOS/VkRemoverIOS-Bridging-Header.h";
				SWIFT_VERSION = 5.0;
				TARGETED_DEVICE_FAMILY = "1,2";
			};
			name = Release;
		};
		5A3FCFC12365A72A00203C0E /* Debug */ = {
			isa = XCBuildConfiguration;
			baseConfigurationReference = 497F433992A0D829E1AE14B6 /* Pods-VkRemoverIOSTests.debug.xcconfig */;
			buildSettings = {
				ALWAYS_EMBED_SWIFT_STANDARD_LIBRARIES = YES;
				CODE_SIGN_STYLE = Automatic;
				DEVELOPMENT_TEAM = NWSTPFC433;
				INFOPLIST_FILE = VkRemoverIOSTests/Info.plist;
				IPHONEOS_DEPLOYMENT_TARGET = 13.0;
				LD_RUNPATH_SEARCH_PATHS = (
					"$(inherited)",
					"@executable_path/Frameworks",
					"@loader_path/Frameworks",
				);
				PRODUCT_BUNDLE_IDENTIFIER = me.alexeykomov.VkRemoverIOSTests;
				PRODUCT_NAME = "$(TARGET_NAME)";
				SWIFT_VERSION = 5.0;
				TARGETED_DEVICE_FAMILY = "1,2";
				TEST_HOST = "$(BUILT_PRODUCTS_DIR)/VkRemoverIOS.app/VkRemoverIOS";
			};
			name = Debug;
		};
		5A3FCFC22365A72A00203C0E /* Release */ = {
			isa = XCBuildConfiguration;
			baseConfigurationReference = F5E537C946ADB2FD859C7E56 /* Pods-VkRemoverIOSTests.release.xcconfig */;
			buildSettings = {
				ALWAYS_EMBED_SWIFT_STANDARD_LIBRARIES = YES;
				CODE_SIGN_STYLE = Automatic;
				DEVELOPMENT_TEAM = NWSTPFC433;
				INFOPLIST_FILE = VkRemoverIOSTests/Info.plist;
				IPHONEOS_DEPLOYMENT_TARGET = 13.0;
				LD_RUNPATH_SEARCH_PATHS = (
					"$(inherited)",
					"@executable_path/Frameworks",
					"@loader_path/Frameworks",
				);
				PRODUCT_BUNDLE_IDENTIFIER = me.alexeykomov.VkRemoverIOSTests;
				PRODUCT_NAME = "$(TARGET_NAME)";
				SWIFT_VERSION = 5.0;
				TARGETED_DEVICE_FAMILY = "1,2";
				TEST_HOST = "$(BUILT_PRODUCTS_DIR)/VkRemoverIOS.app/VkRemoverIOS";
			};
			name = Release;
		};
		5A3FCFC42365A72A00203C0E /* Debug */ = {
			isa = XCBuildConfiguration;
			baseConfigurationReference = FAB595AAAC3695B08EE327C5 /* Pods-VkRemoverIOSUITests.debug.xcconfig */;
			buildSettings = {
				ALWAYS_EMBED_SWIFT_STANDARD_LIBRARIES = YES;
				CODE_SIGN_STYLE = Automatic;
				DEVELOPMENT_TEAM = NWSTPFC433;
				INFOPLIST_FILE = VkRemoverIOSUITests/Info.plist;
				LD_RUNPATH_SEARCH_PATHS = (
					"$(inherited)",
					"@executable_path/Frameworks",
					"@loader_path/Frameworks",
				);
				PRODUCT_BUNDLE_IDENTIFIER = me.alexeykomov.VkRemoverIOSUITests;
				PRODUCT_NAME = "$(TARGET_NAME)";
				SWIFT_VERSION = 5.0;
				TARGETED_DEVICE_FAMILY = "1,2";
				TEST_TARGET_NAME = VkRemoverIOS;
			};
			name = Debug;
		};
		5A3FCFC52365A72A00203C0E /* Release */ = {
			isa = XCBuildConfiguration;
			baseConfigurationReference = FD2C3E1102D589200093EF2E /* Pods-VkRemoverIOSUITests.release.xcconfig */;
			buildSettings = {
				ALWAYS_EMBED_SWIFT_STANDARD_LIBRARIES = YES;
				CODE_SIGN_STYLE = Automatic;
				DEVELOPMENT_TEAM = NWSTPFC433;
				INFOPLIST_FILE = VkRemoverIOSUITests/Info.plist;
				LD_RUNPATH_SEARCH_PATHS = (
					"$(inherited)",
					"@executable_path/Frameworks",
					"@loader_path/Frameworks",
				);
				PRODUCT_BUNDLE_IDENTIFIER = me.alexeykomov.VkRemoverIOSUITests;
				PRODUCT_NAME = "$(TARGET_NAME)";
				SWIFT_VERSION = 5.0;
				TARGETED_DEVICE_FAMILY = "1,2";
				TEST_TARGET_NAME = VkRemoverIOS;
			};
			name = Release;
		};
/* End XCBuildConfiguration section */

/* Begin XCConfigurationList section */
		5A3FCF8E2365A72700203C0E /* Build configuration list for PBXProject "VkRemoverIOS" */ = {
			isa = XCConfigurationList;
			buildConfigurations = (
				5A3FCFBB2365A72A00203C0E /* Debug */,
				5A3FCFBC2365A72A00203C0E /* Release */,
			);
			defaultConfigurationIsVisible = 0;
			defaultConfigurationName = Release;
		};
		5A3FCFBD2365A72A00203C0E /* Build configuration list for PBXNativeTarget "VkRemoverIOS" */ = {
			isa = XCConfigurationList;
			buildConfigurations = (
				5A3FCFBE2365A72A00203C0E /* Debug */,
				5A3FCFBF2365A72A00203C0E /* Release */,
			);
			defaultConfigurationIsVisible = 0;
			defaultConfigurationName = Release;
		};
		5A3FCFC02365A72A00203C0E /* Build configuration list for PBXNativeTarget "VkRemoverIOSTests" */ = {
			isa = XCConfigurationList;
			buildConfigurations = (
				5A3FCFC12365A72A00203C0E /* Debug */,
				5A3FCFC22365A72A00203C0E /* Release */,
			);
			defaultConfigurationIsVisible = 0;
			defaultConfigurationName = Release;
		};
		5A3FCFC32365A72A00203C0E /* Build configuration list for PBXNativeTarget "VkRemoverIOSUITests" */ = {
			isa = XCConfigurationList;
			buildConfigurations = (
				5A3FCFC42365A72A00203C0E /* Debug */,
				5A3FCFC52365A72A00203C0E /* Release */,
			);
			defaultConfigurationIsVisible = 0;
			defaultConfigurationName = Release;
		};
/* End XCConfigurationList section */
	};
	rootObject = 5A3FCF8B2365A72700203C0E /* Project object */;
}
